# This file is automatically @generated by Cargo.
# It is not intended for manual editing.
version = 4

[[package]]
name = "api"
version = "0.1.0"
dependencies = [
 "domain",
]

[[package]]
name = "app"
version = "0.1.0"
dependencies = [
 "api",
 "coding",
 "domain",
 "steer",
 "sync",
 "terminal",
 "theme",
 "ui",
]

[[package]]
name = "coding"
version = "0.1.0"
dependencies = [
 "api",
 "terminal",
]

[[package]]
name = "domain"
version = "0.1.0"

[[package]]
name = "steer"
version = "0.1.0"
dependencies = [
 "api",
 "terminal",
]

[[package]]
name = "sync"
version = "0.1.0"
dependencies = [
 "domain",
]

[[package]]
name = "terminal"
version = "0.1.0"

[[package]]
name = "theme"
version = "0.1.0"

[[package]]
name = "ui"
version = "0.1.0"
dependencies = [
 "api",
 "coding",
 "domain",
 "steer",
 "sync",
 "terminal",
 "theme",
]
